
Microsoft Visual Studio Solution File, Format Version 12.00
# Visual Studio Version 17
VisualStudioVersion = 17.3.32929.385
MinimumVisualStudioVersion = 10.0.40219.1
Project("{FAE04EC0-301F-11D3-BF4B-00C04F79EFBC}") = "TaskQueue", "TaskQueue\TaskQueue.csproj", "{517A89C5-8BE3-4969-A677-08D019B396AF}"
EndProject
Global
	GlobalSection(SolutionConfigurationPlatforms) = preSolution
		Debug|Any CPU = Debug|Any CPU
		Release|Any CPU = Release|Any CPU
	EndGlobalSection
	GlobalSection(ProjectConfigurationPlatforms) = postSolution
		{517A89C5-8BE3-4969-A677-08D019B396AF}.Debug|Any CPU.ActiveCfg = Debug|Any CPU
		{517A89C5-8BE3-4969-A677-08D019B396AF}.Debug|Any CPU.Build.0 = Debug|Any CPU
		{517A89C5-8BE3-4969-A677-08D019B396AF}.Release|Any CPU.ActiveCfg = Release|Any CPU
		{517A89C5-8BE3-4969-A677-08D019B396AF}.Release|Any CPU.Build.0 = Release|Any CPU
	EndGlobalSection
	GlobalSection(SolutionProperties) = preSolution
		HideSolutionNode = FALSE
	EndGlobalSection
	GlobalSection(ExtensibilityGlobals) = postSolution
		SolutionGuid = {7F92FDC3-7C7A-4DB3-9963-61462495E1FA}
	EndGlobalSection
EndGlobal
